// !$*UTF8*$!
{
	archiveVersion = 1;
	classes = {
	};
	objectVersion = 46;
	objects = {

/* Begin PBXBuildFile section */
		8421151F1DC15F0A00FFA03B /* main.m in Sources */ = {isa = PBXBuildFile; fileRef = 8421151E1DC15F0A00FFA03B /* main.m */; };
		842115221DC15F0A00FFA03B /* AppDelegate.m in Sources */ = {isa = PBXBuildFile; fileRef = 842115211DC15F0A00FFA03B /* AppDelegate.m */; };
		842115251DC15F0A00FFA03B /* PRMapViewController.m in Sources */ = {isa = PBXBuildFile; fileRef = 842115241DC15F0A00FFA03B /* PRMapViewController.m */; };
		842115281DC15F0A00FFA03B /* Main.storyboard in Resources */ = {isa = PBXBuildFile; fileRef = 842115261DC15F0A00FFA03B /* Main.storyboard */; };
		8421152A1DC15F0A00FFA03B /* Assets.xcassets in Resources */ = {isa = PBXBuildFile; fileRef = 842115291DC15F0A00FFA03B /* Assets.xcassets */; };
		8421152D1DC15F0A00FFA03B /* LaunchScreen.storyboard in Resources */ = {isa = PBXBuildFile; fileRef = 8421152B1DC15F0A00FFA03B /* LaunchScreen.storyboard */; };
		842115371DC1CD0100FFA03B /* PRNetworking.m in Sources */ = {isa = PBXBuildFile; fileRef = 842115361DC1CD0100FFA03B /* PRNetworking.m */; };
		8421153B1DC2975A00FFA03B /* BaseModel.m in Sources */ = {isa = PBXBuildFile; fileRef = 8421153A1DC2975A00FFA03B /* BaseModel.m */; };
		8421153E1DC29FA200FFA03B /* ParkingLocationModel.m in Sources */ = {isa = PBXBuildFile; fileRef = 8421153D1DC29FA200FFA03B /* ParkingLocationModel.m */; };
		842115401DC2CE4600FFA03B /* MapKit.framework in Frameworks */ = {isa = PBXBuildFile; fileRef = 8421153F1DC2CE4600FFA03B /* MapKit.framework */; };
		842115431DC2D89400FFA03B /* ParkingLocationAnnotation.m in Sources */ = {isa = PBXBuildFile; fileRef = 842115421DC2D89400FFA03B /* ParkingLocationAnnotation.m */; };
		842115461DC2FF0000FFA03B /* PRParkingLocationPreviewView.m in Sources */ = {isa = PBXBuildFile; fileRef = 842115451DC2FF0000FFA03B /* PRParkingLocationPreviewView.m */; };
		E165576ECAA2427BAC726DDF /* libPods-Parking Reservation.a in Frameworks */ = {isa = PBXBuildFile; fileRef = 87D6E77AAC99A6353A60E01A /* libPods-Parking Reservation.a */; };
/* End PBXBuildFile section */

/* Begin PBXFileReference section */
		8421151A1DC15F0A00FFA03B /* Parking Reservation.app */ = {isa = PBXFileReference; explicitFileType = wrapper.application; includeInIndex = 0; path = "Parking Reservation.app"; sourceTree = BUILT_PRODUCTS_DIR; };
		8421151E1DC15F0A00FFA03B /* main.m */ = {isa = PBXFileReference; lastKnownFileType = sourcecode.c.objc; path = main.m; sourceTree = "<group>"; };
		842115201DC15F0A00FFA03B /* AppDelegate.h */ = {isa = PBXFileReference; lastKnownFileType = sourcecode.c.h; path = AppDelegate.h; sourceTree = "<group>"; };
		842115211DC15F0A00FFA03B /* AppDelegate.m */ = {isa = PBXFileReference; lastKnownFileType = sourcecode.c.objc; path = AppDelegate.m; sourceTree = "<group>"; };
		842115231DC15F0A00FFA03B /* PRMapViewController.h */ = {isa = PBXFileReference; lastKnownFileType = sourcecode.c.h; path = PRMapViewController.h; sourceTree = "<group>"; };
		842115241DC15F0A00FFA03B /* PRMapViewController.m */ = {isa = PBXFileReference; lastKnownFileType = sourcecode.c.objc; path = PRMapViewController.m; sourceTree = "<group>"; };
		842115271DC15F0A00FFA03B /* Base */ = {isa = PBXFileReference; lastKnownFileType = file.storyboard; name = Base; path = Base.lproj/Main.storyboard; sourceTree = "<group>"; };
		842115291DC15F0A00FFA03B /* Assets.xcassets */ = {isa = PBXFileReference; lastKnownFileType = folder.assetcatalog; path = Assets.xcassets; sourceTree = "<group>"; };
		8421152C1DC15F0A00FFA03B /* Base */ = {isa = PBXFileReference; lastKnownFileType = file.storyboard; name = Base; path = Base.lproj/LaunchScreen.storyboard; sourceTree = "<group>"; };
		8421152E1DC15F0A00FFA03B /* Info.plist */ = {isa = PBXFileReference; lastKnownFileType = text.plist.xml; path = Info.plist; sourceTree = "<group>"; };
		842115351DC1CD0100FFA03B /* PRNetworking.h */ = {isa = PBXFileReference; fileEncoding = 4; lastKnownFileType = sourcecode.c.h; path = PRNetworking.h; sourceTree = "<group>"; };
		842115361DC1CD0100FFA03B /* PRNetworking.m */ = {isa = PBXFileReference; fileEncoding = 4; lastKnownFileType = sourcecode.c.objc; path = PRNetworking.m; sourceTree = "<group>"; };
		842115391DC2975A00FFA03B /* BaseModel.h */ = {isa = PBXFileReference; fileEncoding = 4; lastKnownFileType = sourcecode.c.h; path = BaseModel.h; sourceTree = "<group>"; };
		8421153A1DC2975A00FFA03B /* BaseModel.m */ = {isa = PBXFileReference; fileEncoding = 4; lastKnownFileType = sourcecode.c.objc; path = BaseModel.m; sourceTree = "<group>"; };
		8421153C1DC29FA200FFA03B /* ParkingLocationModel.h */ = {isa = PBXFileReference; fileEncoding = 4; lastKnownFileType = sourcecode.c.h; path = ParkingLocationModel.h; sourceTree = "<group>"; };
		8421153D1DC29FA200FFA03B /* ParkingLocationModel.m */ = {isa = PBXFileReference; fileEncoding = 4; lastKnownFileType = sourcecode.c.objc; path = ParkingLocationModel.m; sourceTree = "<group>"; };
		8421153F1DC2CE4600FFA03B /* MapKit.framework */ = {isa = PBXFileReference; lastKnownFileType = wrapper.framework; name = MapKit.framework; path = System/Library/Frameworks/MapKit.framework; sourceTree = SDKROOT; };
		842115411DC2D89400FFA03B /* ParkingLocationAnnotation.h */ = {isa = PBXFileReference; fileEncoding = 4; lastKnownFileType = sourcecode.c.h; path = ParkingLocationAnnotation.h; sourceTree = "<group>"; };
		842115421DC2D89400FFA03B /* ParkingLocationAnnotation.m */ = {isa = PBXFileReference; fileEncoding = 4; lastKnownFileType = sourcecode.c.objc; path = ParkingLocationAnnotation.m; sourceTree = "<group>"; };
		842115441DC2FF0000FFA03B /* PRParkingLocationPreviewView.h */ = {isa = PBXFileReference; fileEncoding = 4; lastKnownFileType = sourcecode.c.h; path = PRParkingLocationPreviewView.h; sourceTree = "<group>"; };
		842115451DC2FF0000FFA03B /* PRParkingLocationPreviewView.m */ = {isa = PBXFileReference; fileEncoding = 4; lastKnownFileType = sourcecode.c.objc; path = PRParkingLocationPreviewView.m; sourceTree = "<group>"; };
		87D6E77AAC99A6353A60E01A /* libPods-Parking Reservation.a */ = {isa = PBXFileReference; explicitFileType = archive.ar; includeInIndex = 0; path = "libPods-Parking Reservation.a"; sourceTree = BUILT_PRODUCTS_DIR; };
		B1D1478DCB2C17F20539B18D /* Pods-Parking Reservation.debug.xcconfig */ = {isa = PBXFileReference; includeInIndex = 1; lastKnownFileType = text.xcconfig; name = "Pods-Parking Reservation.debug.xcconfig"; path = "Pods/Target Support Files/Pods-Parking Reservation/Pods-Parking Reservation.debug.xcconfig"; sourceTree = "<group>"; };
		F349DCB6B6DD16511611768B /* Pods-Parking Reservation.release.xcconfig */ = {isa = PBXFileReference; includeInIndex = 1; lastKnownFileType = text.xcconfig; name = "Pods-Parking Reservation.release.xcconfig"; path = "Pods/Target Support Files/Pods-Parking Reservation/Pods-Parking Reservation.release.xcconfig"; sourceTree = "<group>"; };
/* End PBXFileReference section */

/* Begin PBXFrameworksBuildPhase section */
		842115171DC15F0A00FFA03B /* Frameworks */ = {
			isa = PBXFrameworksBuildPhase;
			buildActionMask = 2147483647;
			files = (
				842115401DC2CE4600FFA03B /* MapKit.framework in Frameworks */,
				E165576ECAA2427BAC726DDF /* libPods-Parking Reservation.a in Frameworks */,
			);
			runOnlyForDeploymentPostprocessing = 0;
		};
/* End PBXFrameworksBuildPhase section */

/* Begin PBXGroup section */
		3510773B021A591F64C1831E /* Frameworks */ = {
			isa = PBXGroup;
			children = (
				8421153F1DC2CE4600FFA03B /* MapKit.framework */,
				87D6E77AAC99A6353A60E01A /* libPods-Parking Reservation.a */,
			);
			name = Frameworks;
			sourceTree = "<group>";
		};
		842115111DC15F0A00FFA03B = {
			isa = PBXGroup;
			children = (
				8421151C1DC15F0A00FFA03B /* Parking Reservation */,
				8421151B1DC15F0A00FFA03B /* Products */,
				AFAB417E5C48C452846C45A4 /* Pods */,
				3510773B021A591F64C1831E /* Frameworks */,
			);
			sourceTree = "<group>";
		};
		8421151B1DC15F0A00FFA03B /* Products */ = {
			isa = PBXGroup;
			children = (
				8421151A1DC15F0A00FFA03B /* Parking Reservation.app */,
			);
			name = Products;
			sourceTree = "<group>";
		};
		8421151C1DC15F0A00FFA03B /* Parking Reservation */ = {
			isa = PBXGroup;
			children = (
				842115341DC1CADF00FFA03B /* API */,
				842115381DC2963700FFA03B /* Models */,
				842115201DC15F0A00FFA03B /* AppDelegate.h */,
				842115211DC15F0A00FFA03B /* AppDelegate.m */,
				842115231DC15F0A00FFA03B /* PRMapViewController.h */,
				842115241DC15F0A00FFA03B /* PRMapViewController.m */,
				842115441DC2FF0000FFA03B /* PRParkingLocationPreviewView.h */,
				842115451DC2FF0000FFA03B /* PRParkingLocationPreviewView.m */,
				842115411DC2D89400FFA03B /* ParkingLocationAnnotation.h */,
				842115421DC2D89400FFA03B /* ParkingLocationAnnotation.m */,
				842115261DC15F0A00FFA03B /* Main.storyboard */,
				842115291DC15F0A00FFA03B /* Assets.xcassets */,
				8421152B1DC15F0A00FFA03B /* LaunchScreen.storyboard */,
				8421152E1DC15F0A00FFA03B /* Info.plist */,
				8421151D1DC15F0A00FFA03B /* Supporting Files */,
			);
			path = "Parking Reservation";
			sourceTree = "<group>";
		};
		8421151D1DC15F0A00FFA03B /* Supporting Files */ = {
			isa = PBXGroup;
			children = (
				8421151E1DC15F0A00FFA03B /* main.m */,
			);
			name = "Supporting Files";
			sourceTree = "<group>";
		};
		842115341DC1CADF00FFA03B /* API */ = {
			isa = PBXGroup;
			children = (
				842115351DC1CD0100FFA03B /* PRNetworking.h */,
				842115361DC1CD0100FFA03B /* PRNetworking.m */,
			);
			name = API;
			sourceTree = "<group>";
		};
		842115381DC2963700FFA03B /* Models */ = {
			isa = PBXGroup;
			children = (
				842115391DC2975A00FFA03B /* BaseModel.h */,
				8421153A1DC2975A00FFA03B /* BaseModel.m */,
				8421153C1DC29FA200FFA03B /* ParkingLocationModel.h */,
				8421153D1DC29FA200FFA03B /* ParkingLocationModel.m */,
			);
			name = Models;
			sourceTree = "<group>";
		};
		AFAB417E5C48C452846C45A4 /* Pods */ = {
			isa = PBXGroup;
			children = (
				B1D1478DCB2C17F20539B18D /* Pods-Parking Reservation.debug.xcconfig */,
				F349DCB6B6DD16511611768B /* Pods-Parking Reservation.release.xcconfig */,
			);
			name = Pods;
			sourceTree = "<group>";
		};
/* End PBXGroup section */

/* Begin PBXNativeTarget section */
		842115191DC15F0A00FFA03B /* Parking Reservation */ = {
			isa = PBXNativeTarget;
			buildConfigurationList = 842115311DC15F0A00FFA03B /* Build configuration list for PBXNativeTarget "Parking Reservation" */;
			buildPhases = (
				270AFEB2790092FBEB5EC630 /* [CP] Check Pods Manifest.lock */,
				842115161DC15F0A00FFA03B /* Sources */,
				842115171DC15F0A00FFA03B /* Frameworks */,
				842115181DC15F0A00FFA03B /* Resources */,
				6604C13A60AECCC0E021B1CD /* [CP] Embed Pods Frameworks */,
				49A271C937BFD750EBE58563 /* [CP] Copy Pods Resources */,
			);
			buildRules = (
			);
			dependencies = (
			);
			name = "Parking Reservation";
			productName = "Parking Reservation";
			productReference = 8421151A1DC15F0A00FFA03B /* Parking Reservation.app */;
			productType = "com.apple.product-type.application";
		};
/* End PBXNativeTarget section */

/* Begin PBXProject section */
		842115121DC15F0A00FFA03B /* Project object */ = {
			isa = PBXProject;
			attributes = {
				LastUpgradeCheck = 0800;
				ORGANIZATIONNAME = "Matt Mo";
				TargetAttributes = {
					842115191DC15F0A00FFA03B = {
						CreatedOnToolsVersion = 8.0;
						DevelopmentTeam = P339YGCLEU;
						ProvisioningStyle = Automatic;
						SystemCapabilities = {
							com.apple.Maps.iOS = {
								enabled = 1;
							};
						};
					};
				};
			};
			buildConfigurationList = 842115151DC15F0A00FFA03B /* Build configuration list for PBXProject "Parking Reservation" */;
			compatibilityVersion = "Xcode 3.2";
			developmentRegion = English;
			hasScannedForEncodings = 0;
			knownRegions = (
				en,
				Base,
			);
			mainGroup = 842115111DC15F0A00FFA03B;
			productRefGroup = 8421151B1DC15F0A00FFA03B /* Products */;
			projectDirPath = "";
			projectRoot = "";
			targets = (
				842115191DC15F0A00FFA03B /* Parking Reservation */,
			);
		};
/* End PBXProject section */

/* Begin PBXResourcesBuildPhase section */
		842115181DC15F0A00FFA03B /* Resources */ = {
			isa = PBXResourcesBuildPhase;
			buildActionMask = 2147483647;
			files = (
				8421152D1DC15F0A00FFA03B /* LaunchScreen.storyboard in Resources */,
				8421152A1DC15F0A00FFA03B /* Assets.xcassets in Resources */,
				842115281DC15F0A00FFA03B /* Main.storyboard in Resources */,
			);
			runOnlyForDeploymentPostprocessing = 0;
		};
/* End PBXResourcesBuildPhase section */

/* Begin PBXShellScriptBuildPhase section */
		270AFEB2790092FBEB5EC630 /* [CP] Check Pods Manifest.lock */ = {
			isa = PBXShellScriptBuildPhase;
			buildActionMask = 2147483647;
			files = (
			);
			inputPaths = (
			);
			name = "[CP] Check Pods Manifest.lock";
			outputPaths = (
			);
			runOnlyForDeploymentPostprocessing = 0;
			shellPath = /bin/sh;
			shellScript = "diff \"${PODS_ROOT}/../Podfile.lock\" \"${PODS_ROOT}/Manifest.lock\" > /dev/null\nif [ $? != 0 ] ; then\n    # print error to STDERR\n    echo \"error: The sandbox is not in sync with the Podfile.lock. Run 'pod install' or update your CocoaPods installation.\" >&2\n    exit 1\nfi\n";
			showEnvVarsInLog = 0;
		};
		49A271C937BFD750EBE58563 /* [CP] Copy Pods Resources */ = {
			isa = PBXShellScriptBuildPhase;
			buildActionMask = 2147483647;
			files = (
			);
			inputPaths = (
			);
			name = "[CP] Copy Pods Resources";
			outputPaths = (
			);
			runOnlyForDeploymentPostprocessing = 0;
			shellPath = /bin/sh;
			shellScript = "\"${SRCROOT}/Pods/Target Support Files/Pods-Parking Reservation/Pods-Parking Reservation-resources.sh\"\n";
			showEnvVarsInLog = 0;
		};
		6604C13A60AECCC0E021B1CD /* [CP] Embed Pods Frameworks */ = {
			isa = PBXShellScriptBuildPhase;
			buildActionMask = 2147483647;
			files = (
			);
			inputPaths = (
			);
			name = "[CP] Embed Pods Frameworks";
			outputPaths = (
			);
			runOnlyForDeploymentPostprocessing = 0;
			shellPath = /bin/sh;
			shellScript = "\"${SRCROOT}/Pods/Target Support Files/Pods-Parking Reservation/Pods-Parking Reservation-frameworks.sh\"\n";
			showEnvVarsInLog = 0;
		};
/* End PBXShellScriptBuildPhase section */

/* Begin PBXSourcesBuildPhase section */
		842115161DC15F0A00FFA03B /* Sources */ = {
			isa = PBXSourcesBuildPhase;
			buildActionMask = 2147483647;
			files = (
				842115431DC2D89400FFA03B /* ParkingLocationAnnotation.m in Sources */,
				842115251DC15F0A00FFA03B /* PRMapViewController.m in Sources */,
				842115221DC15F0A00FFA03B /* AppDelegate.m in Sources */,
				8421151F1DC15F0A00FFA03B /* main.m in Sources */,
				8421153E1DC29FA200FFA03B /* ParkingLocationModel.m in Sources */,
				842115461DC2FF0000FFA03B /* PRParkingLocationPreviewView.m in Sources */,
				8421153B1DC2975A00FFA03B /* BaseModel.m in Sources */,
				842115371DC1CD0100FFA03B /* PRNetworking.m in Sources */,
			);
			runOnlyForDeploymentPostprocessing = 0;
		};
/* End PBXSourcesBuildPhase section */

/* Begin PBXVariantGroup section */
		842115261DC15F0A00FFA03B /* Main.storyboard */ = {
			isa = PBXVariantGroup;
			children = (
				842115271DC15F0A00FFA03B /* Base */,
			);
			name = Main.storyboard;
			sourceTree = "<group>";
		};
		8421152B1DC15F0A00FFA03B /* LaunchScreen.storyboard */ = {
			isa = PBXVariantGroup;
			children = (
				8421152C1DC15F0A00FFA03B /* Base */,
			);
			name = LaunchScreen.storyboard;
			sourceTree = "<group>";
		};
/* End PBXVariantGroup section */

/* Begin XCBuildConfiguration section */
		8421152F1DC15F0A00FFA03B /* Debug */ = {
			isa = XCBuildConfiguration;
			buildSettings = {
				ALWAYS_SEARCH_USER_PATHS = NO;
				CLANG_ANALYZER_NONNULL = YES;
				CLANG_CXX_LANGUAGE_STANDARD = "gnu++0x";
				CLANG_CXX_LIBRARY = "libc++";
				CLANG_ENABLE_MODULES = YES;
				CLANG_ENABLE_OBJC_ARC = YES;
				CLANG_WARN_BOOL_CONVERSION = YES;
				CLANG_WARN_CONSTANT_CONVERSION = YES;
				CLANG_WARN_DIRECT_OBJC_ISA_USAGE = YES_ERROR;
				CLANG_WARN_DOCUMENTATION_COMMENTS = YES;
				CLANG_WARN_EMPTY_BODY = YES;
				CLANG_WARN_ENUM_CONVERSION = YES;
				CLANG_WARN_INFINITE_RECURSION = YES;
				CLANG_WARN_INT_CONVERSION = YES;
				CLANG_WARN_OBJC_ROOT_CLASS = YES_ERROR;
				CLANG_WARN_SUSPICIOUS_MOVES = YES;
				CLANG_WARN_UNREACHABLE_CODE = YES;
				CLANG_WARN__DUPLICATE_METHOD_MATCH = YES;
				"CODE_SIGN_IDENTITY[sdk=iphoneos*]" = "iPhone Developer";
				COPY_PHASE_STRIP = NO;
				DEBUG_INFORMATION_FORMAT = dwarf;
				ENABLE_STRICT_OBJC_MSGSEND = YES;
				ENABLE_TESTABILITY = YES;
				GCC_C_LANGUAGE_STANDARD = gnu99;
				GCC_DYNAMIC_NO_PIC = NO;
				GCC_NO_COMMON_BLOCKS = YES;
				GCC_OPTIMIZATION_LEVEL = 0;
				GCC_PREPROCESSOR_DEFINITIONS = (
					"DEBUG=1",
					"$(inherited)",
				);
				GCC_WARN_64_TO_32_BIT_CONVERSION = YES;
				GCC_WARN_ABOUT_RETURN_TYPE = YES_ERROR;
				GCC_WARN_UNDECLARED_SELECTOR = YES;
				GCC_WARN_UNINITIALIZED_AUTOS = YES_AGGRESSIVE;
				GCC_WARN_UNUSED_FUNCTION = YES;
				GCC_WARN_UNUSED_VARIABLE = YES;
				IPHONEOS_DEPLOYMENT_TARGET = 10.0;
				MTL_ENABLE_DEBUG_INFO = YES;
				ONLY_ACTIVE_ARCH = YES;
				SDKROOT = iphoneos;
				TARGETED_DEVICE_FAMILY = "1,2";
			};
			name = Debug;
		};
		842115301DC15F0A00FFA03B /* Release */ = {
			isa = XCBuildConfiguration;
			buildSettings = {
				ALWAYS_SEARCH_USER_PATHS = NO;
				CLANG_ANALYZER_NONNULL = YES;
				CLANG_CXX_LANGUAGE_STANDARD = "gnu++0x";
				CLANG_CXX_LIBRARY = "libc++";
				CLANG_ENABLE_MODULES = YES;
				CLANG_ENABLE_OBJC_ARC = YES;
				CLANG_WARN_BOOL_CONVERSION = YES;
				CLANG_WARN_CONSTANT_CONVERSION = YES;
				CLANG_WARN_DIRECT_OBJC_ISA_USAGE = YES_ERROR;
				CLANG_WARN_DOCUMENTATION_COMMENTS = YES;
				CLANG_WARN_EMPTY_BODY = YES;
				CLANG_WARN_ENUM_CONVERSION = YES;
				CLANG_WARN_INFINITE_RECURSION = YES;
				CLANG_WARN_INT_CONVERSION = YES;
				CLANG_WARN_OBJC_ROOT_CLASS = YES_ERROR;
				CLANG_WARN_SUSPICIOUS_MOVES = YES;
				CLANG_WARN_UNREACHABLE_CODE = YES;
				CLANG_WARN__DUPLICATE_METHOD_MATCH = YES;
				"CODE_SIGN_IDENTITY[sdk=iphoneos*]" = "iPhone Developer";
				COPY_PHASE_STRIP = NO;
				DEBUG_INFORMATION_FORMAT = "dwarf-with-dsym";
				ENABLE_NS_ASSERTIONS = NO;
				ENABLE_STRICT_OBJC_MSGSEND = YES;
				GCC_C_LANGUAGE_STANDARD = gnu99;
				GCC_NO_COMMON_BLOCKS = YES;
				GCC_WARN_64_TO_32_BIT_CONVERSION = YES;
				GCC_WARN_ABOUT_RETURN_TYPE = YES_ERROR;
				GCC_WARN_UNDECLARED_SELECTOR = YES;
				GCC_WARN_UNINITIALIZED_AUTOS = YES_AGGRESSIVE;
				GCC_WARN_UNUSED_FUNCTION = YES;
				GCC_WARN_UNUSED_VARIABLE = YES;
				IPHONEOS_DEPLOYMENT_TARGET = 10.0;
				MTL_ENABLE_DEBUG_INFO = NO;
				SDKROOT = iphoneos;
				TARGETED_DEVICE_FAMILY = "1,2";
				VALIDATE_PRODUCT = YES;
			};
			name = Release;
		};
		842115321DC15F0A00FFA03B /* Debug */ = {
			isa = XCBuildConfiguration;
			baseConfigurationReference = B1D1478DCB2C17F20539B18D /* Pods-Parking Reservation.debug.xcconfig */;
			buildSettings = {
				ASSETCATALOG_COMPILER_APPICON_NAME = AppIcon;
				DEVELOPMENT_TEAM = P339YGCLEU;
				INFOPLIST_FILE = "Parking Reservation/Info.plist";
				LD_RUNPATH_SEARCH_PATHS = "$(inherited) @executable_path/Frameworks";
				PRODUCT_BUNDLE_IDENTIFIER = "mattmo.Parking-Reservation";
				PRODUCT_NAME = "$(TARGET_NAME)";
			};
			name = Debug;
		};
		842115331DC15F0A00FFA03B /* Release */ = {
			isa = XCBuildConfiguration;
			baseConfigurationReference = F349DCB6B6DD16511611768B /* Pods-Parking Reservation.release.xcconfig */;
			buildSettings = {
				ASSETCATALOG_COMPILER_APPICON_NAME = AppIcon;
				DEVELOPMENT_TEAM = P339YGCLEU;
				INFOPLIST_FILE = "Parking Reservation/Info.plist";
				LD_RUNPATH_SEARCH_PATHS = "$(inherited) @executable_path/Frameworks";
				PRODUCT_BUNDLE_IDENTIFIER = "mattmo.Parking-Reservation";
				PRODUCT_NAME = "$(TARGET_NAME)";
			};
			name = Release;
		};
/* End XCBuildConfiguration section */

/* Begin XCConfigurationList section */
		842115151DC15F0A00FFA03B /* Build configuration list for PBXProject "Parking Reservation" */ = {
			isa = XCConfigurationList;
			buildConfigurations = (
				8421152F1DC15F0A00FFA03B /* Debug */,
				842115301DC15F0A00FFA03B /* Release */,
			);
			defaultConfigurationIsVisible = 0;
			defaultConfigurationName = Release;
		};
		842115311DC15F0A00FFA03B /* Build configuration list for PBXNativeTarget "Parking Reservation" */ = {
			isa = XCConfigurationList;
			buildConfigurations = (
				842115321DC15F0A00FFA03B /* Debug */,
				842115331DC15F0A00FFA03B /* Release */,
			);
			defaultConfigurationIsVisible = 0;
			defaultConfigurationName = Release;
		};
/* End XCConfigurationList section */
	};
	rootObject = 842115121DC15F0A00FFA03B /* Project object */;
}
